
Microsoft Visual Studio Solution File, Format Version 12.00
# Visual Studio Version 17
VisualStudioVersion = 17.3.32929.385
MinimumVisualStudioVersion = 10.0.40219.1
Project("{FAE04EC0-301F-11D3-BF4B-00C04F79EFBC}") = "FinalProject", "FinalProject\FinalProject.csproj", "{4DB89BA5-484C-4541-ADCA-A03F3FF70FCE}"
EndProject
Global
	GlobalSection(SolutionConfigurationPlatforms) = preSolution
		Debug|Any CPU = Debug|Any CPU
		Release|Any CPU = Release|Any CPU
	EndGlobalSection
	GlobalSection(ProjectConfigurationPlatforms) = postSolution
		{4DB89BA5-484C-4541-ADCA-A03F3FF70FCE}.Debug|Any CPU.ActiveCfg = Debug|Any CPU
		{4DB89BA5-484C-4541-ADCA-A03F3FF70FCE}.Debug|Any CPU.Build.0 = Debug|Any CPU
		{4DB89BA5-484C-4541-ADCA-A03F3FF70FCE}.Release|Any CPU.ActiveCfg = Release|Any CPU
		{4DB89BA5-484C-4541-ADCA-A03F3FF70FCE}.Release|Any CPU.Build.0 = Release|Any CPU
	EndGlobalSection
	GlobalSection(SolutionProperties) = preSolution
		HideSolutionNode = FALSE
	EndGlobalSection
	GlobalSection(ExtensibilityGlobals) = postSolution
		SolutionGuid = {D51171CE-2183-4232-9297-8683B5F313A2}
	EndGlobalSection
EndGlobal
